
Microsoft Visual Studio Solution File, Format Version 12.00
# Visual Studio Version 17
VisualStudioVersion = 17.3.32929.385
MinimumVisualStudioVersion = 10.0.40219.1
Project("{9A19103F-16F7-4668-BE54-9A1E7A4F7556}") = "commandline", "commandline\commandline.csproj", "{D09DFA51-CDAE-477F-85D4-3FF8CA0546DF}"
EndProject
Project("{FAE04EC0-301F-11D3-BF4B-00C04F79EFBC}") = "Keys", "Keys\Keys.csproj", "{33036BAF-08C7-411F-B43B-9AAAD63393F8}"
EndProject
Global
	GlobalSection(SolutionConfigurationPlatforms) = preSolution
		Debug|Any CPU = Debug|Any CPU
		Release|Any CPU = Release|Any CPU
	EndGlobalSection
	GlobalSection(ProjectConfigurationPlatforms) = postSolution
		{D09DFA51-CDAE-477F-85D4-3FF8CA0546DF}.Debug|Any CPU.ActiveCfg = Debug|Any CPU
		{D09DFA51-CDAE-477F-85D4-3FF8CA0546DF}.Debug|Any CPU.Build.0 = Debug|Any CPU
		{D09DFA51-CDAE-477F-85D4-3FF8CA0546DF}.Release|Any CPU.ActiveCfg = Release|Any CPU
		{D09DFA51-CDAE-477F-85D4-3FF8CA0546DF}.Release|Any CPU.Build.0 = Release|Any CPU
		{33036BAF-08C7-411F-B43B-9AAAD63393F8}.Debug|Any CPU.ActiveCfg = Debug|Any CPU
		{33036BAF-08C7-411F-B43B-9AAAD63393F8}.Debug|Any CPU.Build.0 = Debug|Any CPU
		{33036BAF-08C7-411F-B43B-9AAAD63393F8}.Release|Any CPU.ActiveCfg = Release|Any CPU
		{33036BAF-08C7-411F-B43B-9AAAD63393F8}.Release|Any CPU.Build.0 = Release|Any CPU
	EndGlobalSection
	GlobalSection(SolutionProperties) = preSolution
		HideSolutionNode = FALSE
	EndGlobalSection
	GlobalSection(ExtensibilityGlobals) = postSolution
		SolutionGuid = {8F7BEF1A-FDA2-42C7-BBDE-154706BF6161}
	EndGlobalSection
EndGlobal
